
Microsoft Visual Studio Solution File, Format Version 12.00
# Visual Studio Version 16
VisualStudioVersion = 16.0.29503.13
MinimumVisualStudioVersion = 10.0.40219.1
Project("{FAE04EC0-301F-11D3-BF4B-00C04F79EFBC}") = "DotnetPath.Test", "DotnetPath.Test\DotnetPath.Test.csproj", "{7770D22D-9E07-4145-B197-21217C0FBBAF}"
EndProject
Global
	GlobalSection(SolutionConfigurationPlatforms) = preSolution
		Debug|Any CPU = Debug|Any CPU
		Release|Any CPU = Release|Any CPU
	EndGlobalSection
	GlobalSection(ProjectConfigurationPlatforms) = postSolution
		{7770D22D-9E07-4145-B197-21217C0FBBAF}.Debug|Any CPU.ActiveCfg = Debug|Any CPU
		{7770D22D-9E07-4145-B197-21217C0FBBAF}.Debug|Any CPU.Build.0 = Debug|Any CPU
		{7770D22D-9E07-4145-B197-21217C0FBBAF}.Release|Any CPU.ActiveCfg = Release|Any CPU
		{7770D22D-9E07-4145-B197-21217C0FBBAF}.Release|Any CPU.Build.0 = Release|Any CPU
	EndGlobalSection
	GlobalSection(SolutionProperties) = preSolution
		HideSolutionNode = FALSE
	EndGlobalSection
	GlobalSection(ExtensibilityGlobals) = postSolution
		SolutionGuid = {E78846F5-2E48-4FC3-8AE4-CB2267E22AB7}
	EndGlobalSection
EndGlobal
